// !$*UTF8*$!
{
	archiveVersion = 1;
	classes = {
	};
	objectVersion = 51;
	objects = {

/* Begin PBXBuildFile section */
		3C8E30E4A8AB8B1C5DB66B70 /* Pods_Adopt_A_DogTests.framework in Frameworks */ = {isa = PBXBuildFile; fileRef = D081E4540DDCBF356F3F847A /* Pods_Adopt_A_DogTests.framework */; };
		64046595FD96EB144CABAB32 /* Pods_Adopt_A_Dog.framework in Frameworks */ = {isa = PBXBuildFile; fileRef = A73B1EE5ADDD1BA2F99DA1EB /* Pods_Adopt_A_Dog.framework */; settings = {ATTRIBUTES = (Weak, ); }; };
		7F0C905924695B6C008E5C03 /* DetailsViewController.swift in Sources */ = {isa = PBXBuildFile; fileRef = 7F0C905824695B6C008E5C03 /* DetailsViewController.swift */; };
		7F0C905C246973E3008E5C03 /* Colors.swift in Sources */ = {isa = PBXBuildFile; fileRef = 7F0C905B246973E3008E5C03 /* Colors.swift */; };
		7F0C90642469D26B008E5C03 /* CaviarDreams.ttf in Resources */ = {isa = PBXBuildFile; fileRef = 7F0C90632469D26B008E5C03 /* CaviarDreams.ttf */; };
		7F0C90662469D279008E5C03 /* CaviarDreams_Bold.ttf in Resources */ = {isa = PBXBuildFile; fileRef = 7F0C90652469D279008E5C03 /* CaviarDreams_Bold.ttf */; };
		7F0C90682469D288008E5C03 /* CaviarDreams_BoldItalic.ttf in Resources */ = {isa = PBXBuildFile; fileRef = 7F0C90672469D288008E5C03 /* CaviarDreams_BoldItalic.ttf */; };
		7F0C906A2469D295008E5C03 /* CaviarDreams_Italic.ttf in Resources */ = {isa = PBXBuildFile; fileRef = 7F0C90692469D294008E5C03 /* CaviarDreams_Italic.ttf */; };
		7F0F46B924614CCB00762394 /* Sweety Strawberry.ttf in Resources */ = {isa = PBXBuildFile; fileRef = 7F0F46B824614CCB00762394 /* Sweety Strawberry.ttf */; };
		7F15C21C2462B065009619A2 /* Validation.swift in Sources */ = {isa = PBXBuildFile; fileRef = 7F15C21B2462B065009619A2 /* Validation.swift */; };
		7F15C2212463EE93009619A2 /* HomeViewController.swift in Sources */ = {isa = PBXBuildFile; fileRef = 7F15C2202463EE93009619A2 /* HomeViewController.swift */; };
		7F15C2232463F380009619A2 /* FavoritesViewController.swift in Sources */ = {isa = PBXBuildFile; fileRef = 7F15C2222463F380009619A2 /* FavoritesViewController.swift */; };
		7F15C2252463F392009619A2 /* MyAccountViewController.swift in Sources */ = {isa = PBXBuildFile; fileRef = 7F15C2242463F392009619A2 /* MyAccountViewController.swift */; };
		7F15C2272463FB3F009619A2 /* MainTabBarViewController.swift in Sources */ = {isa = PBXBuildFile; fileRef = 7F15C2262463FB3F009619A2 /* MainTabBarViewController.swift */; };
		7F15C22A2464250E009619A2 /* User.swift in Sources */ = {isa = PBXBuildFile; fileRef = 7F15C2292464250E009619A2 /* User.swift */; };
		7F15C22C24642516009619A2 /* Dog.swift in Sources */ = {isa = PBXBuildFile; fileRef = 7F15C22B24642516009619A2 /* Dog.swift */; };
		7F15C22E24645524009619A2 /* DogCell.swift in Sources */ = {isa = PBXBuildFile; fileRef = 7F15C22D24645524009619A2 /* DogCell.swift */; };
		7F25CD1324751FD600335499 /* DogsModel.swift in Sources */ = {isa = PBXBuildFile; fileRef = 7F25CD1224751FD600335499 /* DogsModel.swift */; };
		7F25CD152475257D00335499 /* CircleImageView.swift in Sources */ = {isa = PBXBuildFile; fileRef = 7F25CD142475257D00335499 /* CircleImageView.swift */; };
		7F25CD172475274F00335499 /* LoginView.swift in Sources */ = {isa = PBXBuildFile; fileRef = 7F25CD162475274F00335499 /* LoginView.swift */; };
		7F35F854246BDE040041895B /* AddDogViewController.swift in Sources */ = {isa = PBXBuildFile; fileRef = 7F35F853246BDE040041895B /* AddDogViewController.swift */; };
		7F52D33D24700A08001A8CDF /* ContactInformationViewController.swift in Sources */ = {isa = PBXBuildFile; fileRef = 7F52D33C24700A08001A8CDF /* ContactInformationViewController.swift */; };
		7F88D5AA2456D97E003FBFCE /* AppDelegate.swift in Sources */ = {isa = PBXBuildFile; fileRef = 7F88D5A92456D97E003FBFCE /* AppDelegate.swift */; };
		7F88D5AC2456D97E003FBFCE /* SceneDelegate.swift in Sources */ = {isa = PBXBuildFile; fileRef = 7F88D5AB2456D97E003FBFCE /* SceneDelegate.swift */; };
		7F88D5AE2456D97E003FBFCE /* LoginViewController.swift in Sources */ = {isa = PBXBuildFile; fileRef = 7F88D5AD2456D97E003FBFCE /* LoginViewController.swift */; };
		7F88D5B42456D97E003FBFCE /* Adopt_A_Dog.xcdatamodeld in Sources */ = {isa = PBXBuildFile; fileRef = 7F88D5B22456D97E003FBFCE /* Adopt_A_Dog.xcdatamodeld */; };
		7F88D5B62456D987003FBFCE /* Assets.xcassets in Resources */ = {isa = PBXBuildFile; fileRef = 7F88D5B52456D987003FBFCE /* Assets.xcassets */; };
		7F88D5B92456D987003FBFCE /* LaunchScreen.storyboard in Resources */ = {isa = PBXBuildFile; fileRef = 7F88D5B72456D987003FBFCE /* LaunchScreen.storyboard */; };
		7F88D5DF2456EAD8003FBFCE /* GoogleService-Info.plist in Resources */ = {isa = PBXBuildFile; fileRef = 7F88D5DE2456EAD8003FBFCE /* GoogleService-Info.plist */; };
		7F88D5E524614913003FBFCE /* Fonts.swift in Sources */ = {isa = PBXBuildFile; fileRef = 7F88D5E424614913003FBFCE /* Fonts.swift */; };
		7F96570B24755D260098B5BB /* SignupView.swift in Sources */ = {isa = PBXBuildFile; fileRef = 7F96570A24755D260098B5BB /* SignupView.swift */; };
		7F96570D247561800098B5BB /* UsersModel.swift in Sources */ = {isa = PBXBuildFile; fileRef = 7F96570C247561800098B5BB /* UsersModel.swift */; };
		7FAF596B248670380012BDE7 /* DetailsView.swift in Sources */ = {isa = PBXBuildFile; fileRef = 7FAF596A248670380012BDE7 /* DetailsView.swift */; };
		7FB4EC1D248796A600BE301E /* MyAccountView.swift in Sources */ = {isa = PBXBuildFile; fileRef = 7FB4EC1C248796A600BE301E /* MyAccountView.swift */; };
		7FB4EC1F2487A5F200BE301E /* MyDogsView.swift in Sources */ = {isa = PBXBuildFile; fileRef = 7FB4EC1E2487A5F200BE301E /* MyDogsView.swift */; };
		7FB4EC212487A72100BE301E /* Extenstions.swift in Sources */ = {isa = PBXBuildFile; fileRef = 7FB4EC202487A72100BE301E /* Extenstions.swift */; };
		7FB4EC232487AAE100BE301E /* AddDogView.swift in Sources */ = {isa = PBXBuildFile; fileRef = 7FB4EC222487AAE100BE301E /* AddDogView.swift */; };
		7FB4EC252487B9F700BE301E /* ContactInformationView.swift in Sources */ = {isa = PBXBuildFile; fileRef = 7FB4EC242487B9F700BE301E /* ContactInformationView.swift */; };
		7FC1F2BB246D696C00D1762F /* AlertService.swift in Sources */ = {isa = PBXBuildFile; fileRef = 7FC1F2BA246D696C00D1762F /* AlertService.swift */; };
		7FEC21DE246B162100B68923 /* MyDogsViewController.swift in Sources */ = {isa = PBXBuildFile; fileRef = 7FEC21DD246B162100B68923 /* MyDogsViewController.swift */; };
		7FEFFDE2246151C8009EA55B /* Identifiers.swift in Sources */ = {isa = PBXBuildFile; fileRef = 7FEFFDE1246151C8009EA55B /* Identifiers.swift */; };
		7FEFFDE524615512009EA55B /* CustomDesign.swift in Sources */ = {isa = PBXBuildFile; fileRef = 7FEFFDE424615512009EA55B /* CustomDesign.swift */; };
		7FEFFDE924618EF2009EA55B /* SignupViewController.swift in Sources */ = {isa = PBXBuildFile; fileRef = 7FEFFDE824618EF2009EA55B /* SignupViewController.swift */; };
		D13E7F60C310B0CBADAD43AD /* Pods_Adopt_A_Dog_Adopt_A_DogUITests.framework in Frameworks */ = {isa = PBXBuildFile; fileRef = 0CF3F10F934C6179F59B311D /* Pods_Adopt_A_Dog_Adopt_A_DogUITests.framework */; };
/* End PBXBuildFile section */

/* Begin PBXContainerItemProxy section */
		7F88D5C02456D987003FBFCE /* PBXContainerItemProxy */ = {
			isa = PBXContainerItemProxy;
			containerPortal = 7F88D59E2456D97E003FBFCE /* Project object */;
			proxyType = 1;
			remoteGlobalIDString = 7F88D5A52456D97E003FBFCE;
			remoteInfo = "Adopt-A-Dog";
		};
		7F88D5CB2456D987003FBFCE /* PBXContainerItemProxy */ = {
			isa = PBXContainerItemProxy;
			containerPortal = 7F88D59E2456D97E003FBFCE /* Project object */;
			proxyType = 1;
			remoteGlobalIDString = 7F88D5A52456D97E003FBFCE;
			remoteInfo = "Adopt-A-Dog";
		};
/* End PBXContainerItemProxy section */

/* Begin PBXFileReference section */
		0830CE4827FB3FD11CF60BEC /* Pods-Adopt-A-DogTests.release.xcconfig */ = {isa = PBXFileReference; includeInIndex = 1; lastKnownFileType = text.xcconfig; name = "Pods-Adopt-A-DogTests.release.xcconfig"; path = "Target Support Files/Pods-Adopt-A-DogTests/Pods-Adopt-A-DogTests.release.xcconfig"; sourceTree = "<group>"; };
		0CF3F10F934C6179F59B311D /* Pods_Adopt_A_Dog_Adopt_A_DogUITests.framework */ = {isa = PBXFileReference; explicitFileType = wrapper.framework; includeInIndex = 0; path = Pods_Adopt_A_Dog_Adopt_A_DogUITests.framework; sourceTree = BUILT_PRODUCTS_DIR; };
		121F6E7E72567F6CA88AF5D4 /* Pods-Adopt-A-Dog.release.xcconfig */ = {isa = PBXFileReference; includeInIndex = 1; lastKnownFileType = text.xcconfig; name = "Pods-Adopt-A-Dog.release.xcconfig"; path = "Target Support Files/Pods-Adopt-A-Dog/Pods-Adopt-A-Dog.release.xcconfig"; sourceTree = "<group>"; };
		36DDCFFCBCBE9D4D21A62A1F /* Pods-Adopt-A-Dog-Adopt-A-DogUITests.release.xcconfig */ = {isa = PBXFileReference; includeInIndex = 1; lastKnownFileType = text.xcconfig; name = "Pods-Adopt-A-Dog-Adopt-A-DogUITests.release.xcconfig"; path = "Target Support Files/Pods-Adopt-A-Dog-Adopt-A-DogUITests/Pods-Adopt-A-Dog-Adopt-A-DogUITests.release.xcconfig"; sourceTree = "<group>"; };
		5182E319A26EDFBE76BD4AFB /* Pods-Adopt-A-Dog-Adopt-A-DogUITests.debug.xcconfig */ = {isa = PBXFileReference; includeInIndex = 1; lastKnownFileType = text.xcconfig; name = "Pods-Adopt-A-Dog-Adopt-A-DogUITests.debug.xcconfig"; path = "Target Support Files/Pods-Adopt-A-Dog-Adopt-A-DogUITests/Pods-Adopt-A-Dog-Adopt-A-DogUITests.debug.xcconfig"; sourceTree = "<group>"; };
		7F0C905824695B6C008E5C03 /* DetailsViewController.swift */ = {isa = PBXFileReference; lastKnownFileType = sourcecode.swift; path = DetailsViewController.swift; sourceTree = "<group>"; };
		7F0C905B246973E3008E5C03 /* Colors.swift */ = {isa = PBXFileReference; lastKnownFileType = sourcecode.swift; path = Colors.swift; sourceTree = "<group>"; };
		7F0C90632469D26B008E5C03 /* CaviarDreams.ttf */ = {isa = PBXFileReference; lastKnownFileType = file; path = CaviarDreams.ttf; sourceTree = "<group>"; };
		7F0C90652469D279008E5C03 /* CaviarDreams_Bold.ttf */ = {isa = PBXFileReference; lastKnownFileType = file; path = CaviarDreams_Bold.ttf; sourceTree = "<group>"; };
		7F0C90672469D288008E5C03 /* CaviarDreams_BoldItalic.ttf */ = {isa = PBXFileReference; lastKnownFileType = file; path = CaviarDreams_BoldItalic.ttf; sourceTree = "<group>"; };
		7F0C90692469D294008E5C03 /* CaviarDreams_Italic.ttf */ = {isa = PBXFileReference; lastKnownFileType = file; path = CaviarDreams_Italic.ttf; sourceTree = "<group>"; };
		7F0F46B824614CCB00762394 /* Sweety Strawberry.ttf */ = {isa = PBXFileReference; lastKnownFileType = file; path = "Sweety Strawberry.ttf"; sourceTree = "<group>"; };
		7F15C21B2462B065009619A2 /* Validation.swift */ = {isa = PBXFileReference; lastKnownFileType = sourcecode.swift; path = Validation.swift; sourceTree = "<group>"; };
		7F15C2202463EE93009619A2 /* HomeViewController.swift */ = {isa = PBXFileReference; lastKnownFileType = sourcecode.swift; path = HomeViewController.swift; sourceTree = "<group>"; };
		7F15C2222463F380009619A2 /* FavoritesViewController.swift */ = {isa = PBXFileReference; lastKnownFileType = sourcecode.swift; path = FavoritesViewController.swift; sourceTree = "<group>"; };
		7F15C2242463F392009619A2 /* MyAccountViewController.swift */ = {isa = PBXFileReference; lastKnownFileType = sourcecode.swift; path = MyAccountViewController.swift; sourceTree = "<group>"; };
		7F15C2262463FB3F009619A2 /* MainTabBarViewController.swift */ = {isa = PBXFileReference; lastKnownFileType = sourcecode.swift; path = MainTabBarViewController.swift; sourceTree = "<group>"; };
		7F15C2292464250E009619A2 /* User.swift */ = {isa = PBXFileReference; lastKnownFileType = sourcecode.swift; path = User.swift; sourceTree = "<group>"; };
		7F15C22B24642516009619A2 /* Dog.swift */ = {isa = PBXFileReference; lastKnownFileType = sourcecode.swift; path = Dog.swift; sourceTree = "<group>"; };
		7F15C22D24645524009619A2 /* DogCell.swift */ = {isa = PBXFileReference; lastKnownFileType = sourcecode.swift; path = DogCell.swift; sourceTree = "<group>"; };
		7F25CD1224751FD600335499 /* DogsModel.swift */ = {isa = PBXFileReference; lastKnownFileType = sourcecode.swift; path = DogsModel.swift; sourceTree = "<group>"; };
		7F25CD142475257D00335499 /* CircleImageView.swift */ = {isa = PBXFileReference; lastKnownFileType = sourcecode.swift; path = CircleImageView.swift; sourceTree = "<group>"; };
		7F25CD162475274F00335499 /* LoginView.swift */ = {isa = PBXFileReference; lastKnownFileType = sourcecode.swift; path = LoginView.swift; sourceTree = "<group>"; };
		7F35F853246BDE040041895B /* AddDogViewController.swift */ = {isa = PBXFileReference; lastKnownFileType = sourcecode.swift; path = AddDogViewController.swift; sourceTree = "<group>"; };
		7F52D33C24700A08001A8CDF /* ContactInformationViewController.swift */ = {isa = PBXFileReference; lastKnownFileType = sourcecode.swift; path = ContactInformationViewController.swift; sourceTree = "<group>"; };
		7F88D5A62456D97E003FBFCE /* Adopt-A-Dog.app */ = {isa = PBXFileReference; explicitFileType = wrapper.application; includeInIndex = 0; path = "Adopt-A-Dog.app"; sourceTree = BUILT_PRODUCTS_DIR; };
		7F88D5A92456D97E003FBFCE /* AppDelegate.swift */ = {isa = PBXFileReference; lastKnownFileType = sourcecode.swift; path = AppDelegate.swift; sourceTree = "<group>"; };
		7F88D5AB2456D97E003FBFCE /* SceneDelegate.swift */ = {isa = PBXFileReference; lastKnownFileType = sourcecode.swift; path = SceneDelegate.swift; sourceTree = "<group>"; };
		7F88D5AD2456D97E003FBFCE /* LoginViewController.swift */ = {isa = PBXFileReference; lastKnownFileType = sourcecode.swift; path = LoginViewController.swift; sourceTree = "<group>"; };
		7F88D5B32456D97E003FBFCE /* Adopt_A_Dog.xcdatamodel */ = {isa = PBXFileReference; lastKnownFileType = wrapper.xcdatamodel; path = Adopt_A_Dog.xcdatamodel; sourceTree = "<group>"; };
		7F88D5B52456D987003FBFCE /* Assets.xcassets */ = {isa = PBXFileReference; lastKnownFileType = folder.assetcatalog; path = Assets.xcassets; sourceTree = "<group>"; };
		7F88D5B82456D987003FBFCE /* Base */ = {isa = PBXFileReference; lastKnownFileType = file.storyboard; name = Base; path = Base.lproj/LaunchScreen.storyboard; sourceTree = "<group>"; };
		7F88D5BA2456D987003FBFCE /* Info.plist */ = {isa = PBXFileReference; lastKnownFileType = text.plist.xml; path = Info.plist; sourceTree = "<group>"; };
		7F88D5BF2456D987003FBFCE /* Adopt-A-DogTests.xctest */ = {isa = PBXFileReference; explicitFileType = wrapper.cfbundle; includeInIndex = 0; path = "Adopt-A-DogTests.xctest"; sourceTree = BUILT_PRODUCTS_DIR; };
		7F88D5CA2456D987003FBFCE /* Adopt-A-DogUITests.xctest */ = {isa = PBXFileReference; explicitFileType = wrapper.cfbundle; includeInIndex = 0; path = "Adopt-A-DogUITests.xctest"; sourceTree = BUILT_PRODUCTS_DIR; };
		7F88D5DE2456EAD8003FBFCE /* GoogleService-Info.plist */ = {isa = PBXFileReference; fileEncoding = 4; lastKnownFileType = text.plist.xml; path = "GoogleService-Info.plist"; sourceTree = "<group>"; };
		7F88D5E424614913003FBFCE /* Fonts.swift */ = {isa = PBXFileReference; lastKnownFileType = sourcecode.swift; path = Fonts.swift; sourceTree = "<group>"; };
		7F96570A24755D260098B5BB /* SignupView.swift */ = {isa = PBXFileReference; lastKnownFileType = sourcecode.swift; path = SignupView.swift; sourceTree = "<group>"; };
		7F96570C247561800098B5BB /* UsersModel.swift */ = {isa = PBXFileReference; lastKnownFileType = sourcecode.swift; path = UsersModel.swift; sourceTree = "<group>"; };
		7FAF596A248670380012BDE7 /* DetailsView.swift */ = {isa = PBXFileReference; lastKnownFileType = sourcecode.swift; path = DetailsView.swift; sourceTree = "<group>"; };
		7FB4EC1C248796A600BE301E /* MyAccountView.swift */ = {isa = PBXFileReference; lastKnownFileType = sourcecode.swift; path = MyAccountView.swift; sourceTree = "<group>"; };
		7FB4EC1E2487A5F200BE301E /* MyDogsView.swift */ = {isa = PBXFileReference; lastKnownFileType = sourcecode.swift; path = MyDogsView.swift; sourceTree = "<group>"; };
		7FB4EC202487A72100BE301E /* Extenstions.swift */ = {isa = PBXFileReference; lastKnownFileType = sourcecode.swift; path = Extenstions.swift; sourceTree = "<group>"; };
		7FB4EC222487AAE100BE301E /* AddDogView.swift */ = {isa = PBXFileReference; lastKnownFileType = sourcecode.swift; path = AddDogView.swift; sourceTree = "<group>"; };
		7FB4EC242487B9F700BE301E /* ContactInformationView.swift */ = {isa = PBXFileReference; lastKnownFileType = sourcecode.swift; path = ContactInformationView.swift; sourceTree = "<group>"; };
		7FC1F2BA246D696C00D1762F /* AlertService.swift */ = {isa = PBXFileReference; lastKnownFileType = sourcecode.swift; path = AlertService.swift; sourceTree = "<group>"; };
		7FEC21DD246B162100B68923 /* MyDogsViewController.swift */ = {isa = PBXFileReference; lastKnownFileType = sourcecode.swift; path = MyDogsViewController.swift; sourceTree = "<group>"; };
		7FEFFDE1246151C8009EA55B /* Identifiers.swift */ = {isa = PBXFileReference; lastKnownFileType = sourcecode.swift; path = Identifiers.swift; sourceTree = "<group>"; };
		7FEFFDE424615512009EA55B /* CustomDesign.swift */ = {isa = PBXFileReference; lastKnownFileType = sourcecode.swift; path = CustomDesign.swift; sourceTree = "<group>"; };
		7FEFFDE824618EF2009EA55B /* SignupViewController.swift */ = {isa = PBXFileReference; lastKnownFileType = sourcecode.swift; path = SignupViewController.swift; sourceTree = "<group>"; };
		802ABF4B1FD699625DEBE513 /* Pods-Adopt-A-DogTests.debug.xcconfig */ = {isa = PBXFileReference; includeInIndex = 1; lastKnownFileType = text.xcconfig; name = "Pods-Adopt-A-DogTests.debug.xcconfig"; path = "Target Support Files/Pods-Adopt-A-DogTests/Pods-Adopt-A-DogTests.debug.xcconfig"; sourceTree = "<group>"; };
		A73B1EE5ADDD1BA2F99DA1EB /* Pods_Adopt_A_Dog.framework */ = {isa = PBXFileReference; explicitFileType = wrapper.framework; includeInIndex = 0; path = Pods_Adopt_A_Dog.framework; sourceTree = BUILT_PRODUCTS_DIR; };
		D081E4540DDCBF356F3F847A /* Pods_Adopt_A_DogTests.framework */ = {isa = PBXFileReference; explicitFileType = wrapper.framework; includeInIndex = 0; path = Pods_Adopt_A_DogTests.framework; sourceTree = BUILT_PRODUCTS_DIR; };
		F46623B4A92E563F8F439E34 /* Pods-Adopt-A-Dog.debug.xcconfig */ = {isa = PBXFileReference; includeInIndex = 1; lastKnownFileType = text.xcconfig; name = "Pods-Adopt-A-Dog.debug.xcconfig"; path = "Target Support Files/Pods-Adopt-A-Dog/Pods-Adopt-A-Dog.debug.xcconfig"; sourceTree = "<group>"; };
/* End PBXFileReference section */

/* Begin PBXFrameworksBuildPhase section */
		7F88D5A32456D97E003FBFCE /* Frameworks */ = {
			isa = PBXFrameworksBuildPhase;
			buildActionMask = 2147483647;
			files = (
				64046595FD96EB144CABAB32 /* Pods_Adopt_A_Dog.framework in Frameworks */,
			);
			runOnlyForDeploymentPostprocessing = 0;
		};
		7F88D5BC2456D987003FBFCE /* Frameworks */ = {
			isa = PBXFrameworksBuildPhase;
			buildActionMask = 2147483647;
			files = (
				3C8E30E4A8AB8B1C5DB66B70 /* Pods_Adopt_A_DogTests.framework in Frameworks */,
			);
			runOnlyForDeploymentPostprocessing = 0;
		};
		7F88D5C72456D987003FBFCE /* Frameworks */ = {
			isa = PBXFrameworksBuildPhase;
			buildActionMask = 2147483647;
			files = (
				D13E7F60C310B0CBADAD43AD /* Pods_Adopt_A_Dog_Adopt_A_DogUITests.framework in Frameworks */,
			);
			runOnlyForDeploymentPostprocessing = 0;
		};
/* End PBXFrameworksBuildPhase section */

/* Begin PBXGroup section */
		5C1F4E30B2108BFE29C94490 /* Frameworks */ = {
			isa = PBXGroup;
			children = (
				A73B1EE5ADDD1BA2F99DA1EB /* Pods_Adopt_A_Dog.framework */,
				0CF3F10F934C6179F59B311D /* Pods_Adopt_A_Dog_Adopt_A_DogUITests.framework */,
				D081E4540DDCBF356F3F847A /* Pods_Adopt_A_DogTests.framework */,
			);
			name = Frameworks;
			sourceTree = "<group>";
		};
		7F0C905A24695B84008E5C03 /* View */ = {
			isa = PBXGroup;
			children = (
				7F15C22D24645524009619A2 /* DogCell.swift */,
				7F25CD162475274F00335499 /* LoginView.swift */,
				7F96570A24755D260098B5BB /* SignupView.swift */,
				7FAF596A248670380012BDE7 /* DetailsView.swift */,
				7FB4EC1C248796A600BE301E /* MyAccountView.swift */,
				7FB4EC1E2487A5F200BE301E /* MyDogsView.swift */,
				7FB4EC222487AAE100BE301E /* AddDogView.swift */,
				7FB4EC242487B9F700BE301E /* ContactInformationView.swift */,
			);
			path = View;
			sourceTree = "<group>";
		};
		7F15C21A2462B046009619A2 /* Utilities */ = {
			isa = PBXGroup;
			children = (
				7F15C21B2462B065009619A2 /* Validation.swift */,
				7FC1F2BA246D696C00D1762F /* AlertService.swift */,
				7FB4EC202487A72100BE301E /* Extenstions.swift */,
			);
			path = Utilities;
			sourceTree = "<group>";
		};
		7F15C21F2462D9BC009619A2 /* Controller */ = {
			isa = PBXGroup;
			children = (
				7F88D5AD2456D97E003FBFCE /* LoginViewController.swift */,
				7FEFFDE824618EF2009EA55B /* SignupViewController.swift */,
				7F15C2202463EE93009619A2 /* HomeViewController.swift */,
				7F0C905824695B6C008E5C03 /* DetailsViewController.swift */,
				7F15C2222463F380009619A2 /* FavoritesViewController.swift */,
				7F15C2242463F392009619A2 /* MyAccountViewController.swift */,
				7F15C2262463FB3F009619A2 /* MainTabBarViewController.swift */,
				7FEC21DD246B162100B68923 /* MyDogsViewController.swift */,
				7F35F853246BDE040041895B /* AddDogViewController.swift */,
				7F52D33C24700A08001A8CDF /* ContactInformationViewController.swift */,
			);
			path = Controller;
			sourceTree = "<group>";
		};
		7F15C228246424E8009619A2 /* Model */ = {
			isa = PBXGroup;
			children = (
				7F15C2292464250E009619A2 /* User.swift */,
				7F15C22B24642516009619A2 /* Dog.swift */,
				7F25CD1224751FD600335499 /* DogsModel.swift */,
				7F96570C247561800098B5BB /* UsersModel.swift */,
			);
			path = Model;
			sourceTree = "<group>";
		};
		7F88D59D2456D97E003FBFCE = {
			isa = PBXGroup;
			children = (
				7F88D5A82456D97E003FBFCE /* Adopt-A-Dog */,
				7F88D5A72456D97E003FBFCE /* Products */,
				AE70B133CC76840C4D24F539 /* Pods */,
				5C1F4E30B2108BFE29C94490 /* Frameworks */,
			);
			sourceTree = "<group>";
		};
		7F88D5A72456D97E003FBFCE /* Products */ = {
			isa = PBXGroup;
			children = (
				7F88D5A62456D97E003FBFCE /* Adopt-A-Dog.app */,
				7F88D5BF2456D987003FBFCE /* Adopt-A-DogTests.xctest */,
				7F88D5CA2456D987003FBFCE /* Adopt-A-DogUITests.xctest */,
			);
			name = Products;
			sourceTree = "<group>";
		};
		7F88D5A82456D97E003FBFCE /* Adopt-A-Dog */ = {
			isa = PBXGroup;
			children = (
				7F88D5A92456D97E003FBFCE /* AppDelegate.swift */,
				7F88D5AB2456D97E003FBFCE /* SceneDelegate.swift */,
				7F15C21F2462D9BC009619A2 /* Controller */,
				7F0C905A24695B84008E5C03 /* View */,
				7F15C228246424E8009619A2 /* Model */,
				7F15C21A2462B046009619A2 /* Utilities */,
				7FEFFDE3246154F1009EA55B /* CustomDesign */,
				7F88D5E0246148DB003FBFCE /* Constants */,
				7F88D5B52456D987003FBFCE /* Assets.xcassets */,
				7F88D5B72456D987003FBFCE /* LaunchScreen.storyboard */,
				7F88D5BA2456D987003FBFCE /* Info.plist */,
				7F88D5DE2456EAD8003FBFCE /* GoogleService-Info.plist */,
				7F88D5B22456D97E003FBFCE /* Adopt_A_Dog.xcdatamodeld */,
			);
			path = "Adopt-A-Dog";
			sourceTree = "<group>";
		};
		7F88D5E0246148DB003FBFCE /* Constants */ = {
			isa = PBXGroup;
			children = (
				7F0C905B246973E3008E5C03 /* Colors.swift */,
				7F88D5E424614913003FBFCE /* Fonts.swift */,
				7FEFFDE1246151C8009EA55B /* Identifiers.swift */,
			);
			path = Constants;
			sourceTree = "<group>";
		};
		7F88D5E624614C35003FBFCE /* Fonts */ = {
			isa = PBXGroup;
			children = (
				7F0F46B824614CCB00762394 /* Sweety Strawberry.ttf */,
				7F0C90632469D26B008E5C03 /* CaviarDreams.ttf */,
				7F0C90652469D279008E5C03 /* CaviarDreams_Bold.ttf */,
				7F0C90672469D288008E5C03 /* CaviarDreams_BoldItalic.ttf */,
				7F0C90692469D294008E5C03 /* CaviarDreams_Italic.ttf */,
			);
			path = Fonts;
			sourceTree = "<group>";
		};
		7FEFFDE3246154F1009EA55B /* CustomDesign */ = {
			isa = PBXGroup;
			children = (
				7F25CD142475257D00335499 /* CircleImageView.swift */,
				7FEFFDE424615512009EA55B /* CustomDesign.swift */,
				7F88D5E624614C35003FBFCE /* Fonts */,
			);
			path = CustomDesign;
			sourceTree = "<group>";
		};
		AE70B133CC76840C4D24F539 /* Pods */ = {
			isa = PBXGroup;
			children = (
				F46623B4A92E563F8F439E34 /* Pods-Adopt-A-Dog.debug.xcconfig */,
				121F6E7E72567F6CA88AF5D4 /* Pods-Adopt-A-Dog.release.xcconfig */,
				5182E319A26EDFBE76BD4AFB /* Pods-Adopt-A-Dog-Adopt-A-DogUITests.debug.xcconfig */,
				36DDCFFCBCBE9D4D21A62A1F /* Pods-Adopt-A-Dog-Adopt-A-DogUITests.release.xcconfig */,
				802ABF4B1FD699625DEBE513 /* Pods-Adopt-A-DogTests.debug.xcconfig */,
				0830CE4827FB3FD11CF60BEC /* Pods-Adopt-A-DogTests.release.xcconfig */,
			);
			path = Pods;
			sourceTree = "<group>";
		};
/* End PBXGroup section */

/* Begin PBXNativeTarget section */
		7F88D5A52456D97E003FBFCE /* Adopt-A-Dog */ = {
			isa = PBXNativeTarget;
			buildConfigurationList = 7F88D5D32456D987003FBFCE /* Build configuration list for PBXNativeTarget "Adopt-A-Dog" */;
			buildPhases = (
				2012C3FDD86DB8132B2C758A /* [CP] Check Pods Manifest.lock */,
				7F88D5A22456D97E003FBFCE /* Sources */,
				7F88D5A32456D97E003FBFCE /* Frameworks */,
				7F88D5A42456D97E003FBFCE /* Resources */,
				3DEEA636589F6AEF7A98BE92 /* [CP] Embed Pods Frameworks */,
			);
			buildRules = (
			);
			dependencies = (
			);
			name = "Adopt-A-Dog";
			productName = "Adopt-A-Dog";
			productReference = 7F88D5A62456D97E003FBFCE /* Adopt-A-Dog.app */;
			productType = "com.apple.product-type.application";
		};
		7F88D5BE2456D987003FBFCE /* Adopt-A-DogTests */ = {
			isa = PBXNativeTarget;
			buildConfigurationList = 7F88D5D62456D987003FBFCE /* Build configuration list for PBXNativeTarget "Adopt-A-DogTests" */;
			buildPhases = (
				9060ADDFBB41ACF6D26E0DBB /* [CP] Check Pods Manifest.lock */,
				7F88D5BB2456D987003FBFCE /* Sources */,
				7F88D5BC2456D987003FBFCE /* Frameworks */,
				7F88D5BD2456D987003FBFCE /* Resources */,
			);
			buildRules = (
			);
			dependencies = (
				7F88D5C12456D987003FBFCE /* PBXTargetDependency */,
			);
			name = "Adopt-A-DogTests";
			productName = "Adopt-A-DogTests";
			productReference = 7F88D5BF2456D987003FBFCE /* Adopt-A-DogTests.xctest */;
			productType = "com.apple.product-type.bundle.unit-test";
		};
		7F88D5C92456D987003FBFCE /* Adopt-A-DogUITests */ = {
			isa = PBXNativeTarget;
			buildConfigurationList = 7F88D5D92456D987003FBFCE /* Build configuration list for PBXNativeTarget "Adopt-A-DogUITests" */;
			buildPhases = (
				B88D964D169748C6656B7561 /* [CP] Check Pods Manifest.lock */,
				7F88D5C62456D987003FBFCE /* Sources */,
				7F88D5C72456D987003FBFCE /* Frameworks */,
				7F88D5C82456D987003FBFCE /* Resources */,
				8034F2D6C3D86BAF80DFC1C4 /* [CP] Embed Pods Frameworks */,
			);
			buildRules = (
			);
			dependencies = (
				7F88D5CC2456D987003FBFCE /* PBXTargetDependency */,
			);
			name = "Adopt-A-DogUITests";
			productName = "Adopt-A-DogUITests";
			productReference = 7F88D5CA2456D987003FBFCE /* Adopt-A-DogUITests.xctest */;
			productType = "com.apple.product-type.bundle.ui-testing";
		};
/* End PBXNativeTarget section */

/* Begin PBXProject section */
		7F88D59E2456D97E003FBFCE /* Project object */ = {
			isa = PBXProject;
			attributes = {
				LastSwiftUpdateCheck = 1130;
				LastUpgradeCheck = 1130;
				ORGANIZATIONNAME = "Þórkatla Eva Víkingsdóttir";
				TargetAttributes = {
					7F88D5A52456D97E003FBFCE = {
						CreatedOnToolsVersion = 11.3.1;
					};
					7F88D5BE2456D987003FBFCE = {
						CreatedOnToolsVersion = 11.3.1;
						TestTargetID = 7F88D5A52456D97E003FBFCE;
					};
					7F88D5C92456D987003FBFCE = {
						CreatedOnToolsVersion = 11.3.1;
						TestTargetID = 7F88D5A52456D97E003FBFCE;
					};
				};
			};
			buildConfigurationList = 7F88D5A12456D97E003FBFCE /* Build configuration list for PBXProject "Adopt-A-Dog" */;
			compatibilityVersion = "Xcode 9.3";
			developmentRegion = en;
			hasScannedForEncodings = 0;
			knownRegions = (
				en,
				Base,
			);
			mainGroup = 7F88D59D2456D97E003FBFCE;
			productRefGroup = 7F88D5A72456D97E003FBFCE /* Products */;
			projectDirPath = "";
			projectRoot = "";
			targets = (
				7F88D5A52456D97E003FBFCE /* Adopt-A-Dog */,
				7F88D5BE2456D987003FBFCE /* Adopt-A-DogTests */,
				7F88D5C92456D987003FBFCE /* Adopt-A-DogUITests */,
			);
		};
/* End PBXProject section */

/* Begin PBXResourcesBuildPhase section */
		7F88D5A42456D97E003FBFCE /* Resources */ = {
			isa = PBXResourcesBuildPhase;
			buildActionMask = 2147483647;
			files = (
				7F88D5B92456D987003FBFCE /* LaunchScreen.storyboard in Resources */,
				7F0C90682469D288008E5C03 /* CaviarDreams_BoldItalic.ttf in Resources */,
				7F0C906A2469D295008E5C03 /* CaviarDreams_Italic.ttf in Resources */,
				7F88D5DF2456EAD8003FBFCE /* GoogleService-Info.plist in Resources */,
				7F88D5B62456D987003FBFCE /* Assets.xcassets in Resources */,
				7F0C90662469D279008E5C03 /* CaviarDreams_Bold.ttf in Resources */,
				7F0C90642469D26B008E5C03 /* CaviarDreams.ttf in Resources */,
				7F0F46B924614CCB00762394 /* Sweety Strawberry.ttf in Resources */,
			);
			runOnlyForDeploymentPostprocessing = 0;
		};
		7F88D5BD2456D987003FBFCE /* Resources */ = {
			isa = PBXResourcesBuildPhase;
			buildActionMask = 2147483647;
			files = (
			);
			runOnlyForDeploymentPostprocessing = 0;
		};
		7F88D5C82456D987003FBFCE /* Resources */ = {
			isa = PBXResourcesBuildPhase;
			buildActionMask = 2147483647;
			files = (
			);
			runOnlyForDeploymentPostprocessing = 0;
		};
/* End PBXResourcesBuildPhase section */

/* Begin PBXShellScriptBuildPhase section */
		2012C3FDD86DB8132B2C758A /* [CP] Check Pods Manifest.lock */ = {
			isa = PBXShellScriptBuildPhase;
			buildActionMask = 2147483647;
			files = (
			);
			inputFileListPaths = (
			);
			inputPaths = (
				"${PODS_PODFILE_DIR_PATH}/Podfile.lock",
				"${PODS_ROOT}/Manifest.lock",
			);
			name = "[CP] Check Pods Manifest.lock";
			outputFileListPaths = (
			);
			outputPaths = (
				"$(DERIVED_FILE_DIR)/Pods-Adopt-A-Dog-checkManifestLockResult.txt",
			);
			runOnlyForDeploymentPostprocessing = 0;
			shellPath = /bin/sh;
			shellScript = "diff \"${PODS_PODFILE_DIR_PATH}/Podfile.lock\" \"${PODS_ROOT}/Manifest.lock\" > /dev/null\nif [ $? != 0 ] ; then\n    # print error to STDERR\n    echo \"error: The sandbox is not in sync with the Podfile.lock. Run 'pod install' or update your CocoaPods installation.\" >&2\n    exit 1\nfi\n# This output is used by Xcode 'outputs' to avoid re-running this script phase.\necho \"SUCCESS\" > \"${SCRIPT_OUTPUT_FILE_0}\"\n";
			showEnvVarsInLog = 0;
		};
		3DEEA636589F6AEF7A98BE92 /* [CP] Embed Pods Frameworks */ = {
			isa = PBXShellScriptBuildPhase;
			buildActionMask = 2147483647;
			files = (
			);
			inputFileListPaths = (
				"${PODS_ROOT}/Target Support Files/Pods-Adopt-A-Dog/Pods-Adopt-A-Dog-frameworks-${CONFIGURATION}-input-files.xcfilelist",
			);
			name = "[CP] Embed Pods Frameworks";
			outputFileListPaths = (
				"${PODS_ROOT}/Target Support Files/Pods-Adopt-A-Dog/Pods-Adopt-A-Dog-frameworks-${CONFIGURATION}-output-files.xcfilelist",
			);
			runOnlyForDeploymentPostprocessing = 0;
			shellPath = /bin/sh;
			shellScript = "\"${PODS_ROOT}/Target Support Files/Pods-Adopt-A-Dog/Pods-Adopt-A-Dog-frameworks.sh\"\n";
			showEnvVarsInLog = 0;
		};
		8034F2D6C3D86BAF80DFC1C4 /* [CP] Embed Pods Frameworks */ = {
			isa = PBXShellScriptBuildPhase;
			buildActionMask = 2147483647;
			files = (
			);
			inputFileListPaths = (
				"${PODS_ROOT}/Target Support Files/Pods-Adopt-A-Dog-Adopt-A-DogUITests/Pods-Adopt-A-Dog-Adopt-A-DogUITests-frameworks-${CONFIGURATION}-input-files.xcfilelist",
			);
			name = "[CP] Embed Pods Frameworks";
			outputFileListPaths = (
				"${PODS_ROOT}/Target Support Files/Pods-Adopt-A-Dog-Adopt-A-DogUITests/Pods-Adopt-A-Dog-Adopt-A-DogUITests-frameworks-${CONFIGURATION}-output-files.xcfilelist",
			);
			runOnlyForDeploymentPostprocessing = 0;
			shellPath = /bin/sh;
			shellScript = "\"${PODS_ROOT}/Target Support Files/Pods-Adopt-A-Dog-Adopt-A-DogUITests/Pods-Adopt-A-Dog-Adopt-A-DogUITests-frameworks.sh\"\n";
			showEnvVarsInLog = 0;
		};
		9060ADDFBB41ACF6D26E0DBB /* [CP] Check Pods Manifest.lock */ = {
			isa = PBXShellScriptBuildPhase;
			buildActionMask = 2147483647;
			files = (
			);
			inputFileListPaths = (
			);
			inputPaths = (
				"${PODS_PODFILE_DIR_PATH}/Podfile.lock",
				"${PODS_ROOT}/Manifest.lock",
			);
			name = "[CP] Check Pods Manifest.lock";
			outputFileListPaths = (
			);
			outputPaths = (
				"$(DERIVED_FILE_DIR)/Pods-Adopt-A-DogTests-checkManifestLockResult.txt",
			);
			runOnlyForDeploymentPostprocessing = 0;
			shellPath = /bin/sh;
			shellScript = "diff \"${PODS_PODFILE_DIR_PATH}/Podfile.lock\" \"${PODS_ROOT}/Manifest.lock\" > /dev/null\nif [ $? != 0 ] ; then\n    # print error to STDERR\n    echo \"error: The sandbox is not in sync with the Podfile.lock. Run 'pod install' or update your CocoaPods installation.\" >&2\n    exit 1\nfi\n# This output is used by Xcode 'outputs' to avoid re-running this script phase.\necho \"SUCCESS\" > \"${SCRIPT_OUTPUT_FILE_0}\"\n";
			showEnvVarsInLog = 0;
		};
		B88D964D169748C6656B7561 /* [CP] Check Pods Manifest.lock */ = {
			isa = PBXShellScriptBuildPhase;
			buildActionMask = 2147483647;
			files = (
			);
			inputFileListPaths = (
			);
			inputPaths = (
				"${PODS_PODFILE_DIR_PATH}/Podfile.lock",
				"${PODS_ROOT}/Manifest.lock",
			);
			name = "[CP] Check Pods Manifest.lock";
			outputFileListPaths = (
			);
			outputPaths = (
				"$(DERIVED_FILE_DIR)/Pods-Adopt-A-Dog-Adopt-A-DogUITests-checkManifestLockResult.txt",
			);
			runOnlyForDeploymentPostprocessing = 0;
			shellPath = /bin/sh;
			shellScript = "diff \"${PODS_PODFILE_DIR_PATH}/Podfile.lock\" \"${PODS_ROOT}/Manifest.lock\" > /dev/null\nif [ $? != 0 ] ; then\n    # print error to STDERR\n    echo \"error: The sandbox is not in sync with the Podfile.lock. Run 'pod install' or update your CocoaPods installation.\" >&2\n    exit 1\nfi\n# This output is used by Xcode 'outputs' to avoid re-running this script phase.\necho \"SUCCESS\" > \"${SCRIPT_OUTPUT_FILE_0}\"\n";
			showEnvVarsInLog = 0;
		};
/* End PBXShellScriptBuildPhase section */

/* Begin PBXSourcesBuildPhase section */
		7F88D5A22456D97E003FBFCE /* Sources */ = {
			isa = PBXSourcesBuildPhase;
			buildActionMask = 2147483647;
			files = (
				7F15C2272463FB3F009619A2 /* MainTabBarViewController.swift in Sources */,
				7FAF596B248670380012BDE7 /* DetailsView.swift in Sources */,
				7F0C905C246973E3008E5C03 /* Colors.swift in Sources */,
				7F15C2232463F380009619A2 /* FavoritesViewController.swift in Sources */,
				7F15C22E24645524009619A2 /* DogCell.swift in Sources */,
				7FEFFDE924618EF2009EA55B /* SignupViewController.swift in Sources */,
				7F88D5AE2456D97E003FBFCE /* LoginViewController.swift in Sources */,
				7F25CD1324751FD600335499 /* DogsModel.swift in Sources */,
				7FB4EC1D248796A600BE301E /* MyAccountView.swift in Sources */,
				7FB4EC232487AAE100BE301E /* AddDogView.swift in Sources */,
				7F15C22A2464250E009619A2 /* User.swift in Sources */,
				7F35F854246BDE040041895B /* AddDogViewController.swift in Sources */,
				7FEFFDE524615512009EA55B /* CustomDesign.swift in Sources */,
				7F88D5E524614913003FBFCE /* Fonts.swift in Sources */,
				7F88D5B42456D97E003FBFCE /* Adopt_A_Dog.xcdatamodeld in Sources */,
				7F15C22C24642516009619A2 /* Dog.swift in Sources */,
				7F25CD172475274F00335499 /* LoginView.swift in Sources */,
				7F88D5AA2456D97E003FBFCE /* AppDelegate.swift in Sources */,
				7F52D33D24700A08001A8CDF /* ContactInformationViewController.swift in Sources */,
				7F15C21C2462B065009619A2 /* Validation.swift in Sources */,
				7FB4EC212487A72100BE301E /* Extenstions.swift in Sources */,
				7F25CD152475257D00335499 /* CircleImageView.swift in Sources */,
				7F0C905924695B6C008E5C03 /* DetailsViewController.swift in Sources */,
				7FEFFDE2246151C8009EA55B /* Identifiers.swift in Sources */,
				7F15C2252463F392009619A2 /* MyAccountViewController.swift in Sources */,
				7FC1F2BB246D696C00D1762F /* AlertService.swift in Sources */,
				7FEC21DE246B162100B68923 /* MyDogsViewController.swift in Sources */,
				7FB4EC252487B9F700BE301E /* ContactInformationView.swift in Sources */,
				7F88D5AC2456D97E003FBFCE /* SceneDelegate.swift in Sources */,
				7F96570B24755D260098B5BB /* SignupView.swift in Sources */,
				7FB4EC1F2487A5F200BE301E /* MyDogsView.swift in Sources */,
				7F15C2212463EE93009619A2 /* HomeViewController.swift in Sources */,
				7F96570D247561800098B5BB /* UsersModel.swift in Sources */,
			);
			runOnlyForDeploymentPostprocessing = 0;
		};
		7F88D5BB2456D987003FBFCE /* Sources */ = {
			isa = PBXSourcesBuildPhase;
			buildActionMask = 2147483647;
			files = (
			);
			runOnlyForDeploymentPostprocessing = 0;
		};
		7F88D5C62456D987003FBFCE /* Sources */ = {
			isa = PBXSourcesBuildPhase;
			buildActionMask = 2147483647;
			files = (
			);
			runOnlyForDeploymentPostprocessing = 0;
		};
/* End PBXSourcesBuildPhase section */

/* Begin PBXTargetDependency section */
		7F88D5C12456D987003FBFCE /* PBXTargetDependency */ = {
			isa = PBXTargetDependency;
			target = 7F88D5A52456D97E003FBFCE /* Adopt-A-Dog */;
			targetProxy = 7F88D5C02456D987003FBFCE /* PBXContainerItemProxy */;
		};
		7F88D5CC2456D987003FBFCE /* PBXTargetDependency */ = {
			isa = PBXTargetDependency;
			target = 7F88D5A52456D97E003FBFCE /* Adopt-A-Dog */;
			targetProxy = 7F88D5CB2456D987003FBFCE /* PBXContainerItemProxy */;
		};
/* End PBXTargetDependency section */

/* Begin PBXVariantGroup section */
		7F88D5B72456D987003FBFCE /* LaunchScreen.storyboard */ = {
			isa = PBXVariantGroup;
			children = (
				7F88D5B82456D987003FBFCE /* Base */,
			);
			name = LaunchScreen.storyboard;
			sourceTree = "<group>";
		};
/* End PBXVariantGroup section */

/* Begin XCBuildConfiguration section */
		7F88D5D12456D987003FBFCE /* Debug */ = {
			isa = XCBuildConfiguration;
			buildSettings = {
				ALWAYS_SEARCH_USER_PATHS = NO;
				CLANG_ANALYZER_NONNULL = YES;
				CLANG_ANALYZER_NUMBER_OBJECT_CONVERSION = YES_AGGRESSIVE;
				CLANG_CXX_LANGUAGE_STANDARD = "gnu++14";
				CLANG_CXX_LIBRARY = "libc++";
				CLANG_ENABLE_MODULES = YES;
				CLANG_ENABLE_OBJC_ARC = YES;
				CLANG_ENABLE_OBJC_WEAK = YES;
				CLANG_WARN_BLOCK_CAPTURE_AUTORELEASING = YES;
				CLANG_WARN_BOOL_CONVERSION = YES;
				CLANG_WARN_COMMA = YES;
				CLANG_WARN_CONSTANT_CONVERSION = YES;
				CLANG_WARN_DEPRECATED_OBJC_IMPLEMENTATIONS = YES;
				CLANG_WARN_DIRECT_OBJC_ISA_USAGE = YES_ERROR;
				CLANG_WARN_DOCUMENTATION_COMMENTS = YES;
				CLANG_WARN_EMPTY_BODY = YES;
				CLANG_WARN_ENUM_CONVERSION = YES;
				CLANG_WARN_INFINITE_RECURSION = YES;
				CLANG_WARN_INT_CONVERSION = YES;
				CLANG_WARN_NON_LITERAL_NULL_CONVERSION = YES;
				CLANG_WARN_OBJC_IMPLICIT_RETAIN_SELF = YES;
				CLANG_WARN_OBJC_LITERAL_CONVERSION = YES;
				CLANG_WARN_OBJC_ROOT_CLASS = YES_ERROR;
				CLANG_WARN_RANGE_LOOP_ANALYSIS = YES;
				CLANG_WARN_STRICT_PROTOTYPES = YES;
				CLANG_WARN_SUSPICIOUS_MOVE = YES;
				CLANG_WARN_UNGUARDED_AVAILABILITY = YES_AGGRESSIVE;
				CLANG_WARN_UNREACHABLE_CODE = YES;
				CLANG_WARN__DUPLICATE_METHOD_MATCH = YES;
				COPY_PHASE_STRIP = NO;
				DEBUG_INFORMATION_FORMAT = dwarf;
				ENABLE_STRICT_OBJC_MSGSEND = YES;
				ENABLE_TESTABILITY = YES;
				GCC_C_LANGUAGE_STANDARD = gnu11;
				GCC_DYNAMIC_NO_PIC = NO;
				GCC_NO_COMMON_BLOCKS = YES;
				GCC_OPTIMIZATION_LEVEL = 0;
				GCC_PREPROCESSOR_DEFINITIONS = (
					"DEBUG=1",
					"$(inherited)",
				);
				GCC_WARN_64_TO_32_BIT_CONVERSION = YES;
				GCC_WARN_ABOUT_RETURN_TYPE = YES_ERROR;
				GCC_WARN_UNDECLARED_SELECTOR = YES;
				GCC_WARN_UNINITIALIZED_AUTOS = YES_AGGRESSIVE;
				GCC_WARN_UNUSED_FUNCTION = YES;
				GCC_WARN_UNUSED_VARIABLE = YES;
				IPHONEOS_DEPLOYMENT_TARGET = 13.2;
				MTL_ENABLE_DEBUG_INFO = INCLUDE_SOURCE;
				MTL_FAST_MATH = YES;
				ONLY_ACTIVE_ARCH = YES;
				SDKROOT = iphoneos;
				SWIFT_ACTIVE_COMPILATION_CONDITIONS = DEBUG;
				SWIFT_OPTIMIZATION_LEVEL = "-Onone";
			};
			name = Debug;
		};
		7F88D5D22456D987003FBFCE /* Release */ = {
			isa = XCBuildConfiguration;
			buildSettings = {
				ALWAYS_SEARCH_USER_PATHS = NO;
				CLANG_ANALYZER_NONNULL = YES;
				CLANG_ANALYZER_NUMBER_OBJECT_CONVERSION = YES_AGGRESSIVE;
				CLANG_CXX_LANGUAGE_STANDARD = "gnu++14";
				CLANG_CXX_LIBRARY = "libc++";
				CLANG_ENABLE_MODULES = YES;
				CLANG_ENABLE_OBJC_ARC = YES;
				CLANG_ENABLE_OBJC_WEAK = YES;
				CLANG_WARN_BLOCK_CAPTURE_AUTORELEASING = YES;
				CLANG_WARN_BOOL_CONVERSION = YES;
				CLANG_WARN_COMMA = YES;
				CLANG_WARN_CONSTANT_CONVERSION = YES;
				CLANG_WARN_DEPRECATED_OBJC_IMPLEMENTATIONS = YES;
				CLANG_WARN_DIRECT_OBJC_ISA_USAGE = YES_ERROR;
				CLANG_WARN_DOCUMENTATION_COMMENTS = YES;
				CLANG_WARN_EMPTY_BODY = YES;
				CLANG_WARN_ENUM_CONVERSION = YES;
				CLANG_WARN_INFINITE_RECURSION = YES;
				CLANG_WARN_INT_CONVERSION = YES;
				CLANG_WARN_NON_LITERAL_NULL_CONVERSION = YES;
				CLANG_WARN_OBJC_IMPLICIT_RETAIN_SELF = YES;
				CLANG_WARN_OBJC_LITERAL_CONVERSION = YES;
				CLANG_WARN_OBJC_ROOT_CLASS = YES_ERROR;
				CLANG_WARN_RANGE_LOOP_ANALYSIS = YES;
				CLANG_WARN_STRICT_PROTOTYPES = YES;
				CLANG_WARN_SUSPICIOUS_MOVE = YES;
				CLANG_WARN_UNGUARDED_AVAILABILITY = YES_AGGRESSIVE;
				CLANG_WARN_UNREACHABLE_CODE = YES;
				CLANG_WARN__DUPLICATE_METHOD_MATCH = YES;
				COPY_PHASE_STRIP = NO;
				DEBUG_INFORMATION_FORMAT = "dwarf-with-dsym";
				ENABLE_NS_ASSERTIONS = NO;
				ENABLE_STRICT_OBJC_MSGSEND = YES;
				GCC_C_LANGUAGE_STANDARD = gnu11;
				GCC_NO_COMMON_BLOCKS = YES;
				GCC_WARN_64_TO_32_BIT_CONVERSION = YES;
				GCC_WARN_ABOUT_RETURN_TYPE = YES_ERROR;
				GCC_WARN_UNDECLARED_SELECTOR = YES;
				GCC_WARN_UNINITIALIZED_AUTOS = YES_AGGRESSIVE;
				GCC_WARN_UNUSED_FUNCTION = YES;
				GCC_WARN_UNUSED_VARIABLE = YES;
				IPHONEOS_DEPLOYMENT_TARGET = 13.2;
				MTL_ENABLE_DEBUG_INFO = NO;
				MTL_FAST_MATH = YES;
				SDKROOT = iphoneos;
				SWIFT_COMPILATION_MODE = wholemodule;
				SWIFT_OPTIMIZATION_LEVEL = "-O";
				VALIDATE_PRODUCT = YES;
			};
			name = Release;
		};
		7F88D5D42456D987003FBFCE /* Debug */ = {
			isa = XCBuildConfiguration;
			baseConfigurationReference = F46623B4A92E563F8F439E34 /* Pods-Adopt-A-Dog.debug.xcconfig */;
			buildSettings = {
				ASSETCATALOG_COMPILER_APPICON_NAME = AppIcon;
				CODE_SIGN_STYLE = Automatic;
				DEVELOPMENT_TEAM = 2Q47BYYY43;
				INFOPLIST_FILE = "Adopt-A-Dog/Info.plist";
				LD_RUNPATH_SEARCH_PATHS = (
					"$(inherited)",
					"@executable_path/Frameworks",
				);
				PRODUCT_BUNDLE_IDENTIFIER = "katlaeva.Adopt-A-Dog";
				PRODUCT_NAME = "$(TARGET_NAME)";
				SWIFT_VERSION = 5.0;
				TARGETED_DEVICE_FAMILY = "1,2";
			};
			name = Debug;
		};
		7F88D5D52456D987003FBFCE /* Release */ = {
			isa = XCBuildConfiguration;
			baseConfigurationReference = 121F6E7E72567F6CA88AF5D4 /* Pods-Adopt-A-Dog.release.xcconfig */;
			buildSettings = {
				ASSETCATALOG_COMPILER_APPICON_NAME = AppIcon;
				CODE_SIGN_STYLE = Automatic;
				DEVELOPMENT_TEAM = 2Q47BYYY43;
				INFOPLIST_FILE = "Adopt-A-Dog/Info.plist";
				LD_RUNPATH_SEARCH_PATHS = (
					"$(inherited)",
					"@executable_path/Frameworks",
				);
				PRODUCT_BUNDLE_IDENTIFIER = "katlaeva.Adopt-A-Dog";
				PRODUCT_NAME = "$(TARGET_NAME)";
				SWIFT_VERSION = 5.0;
				TARGETED_DEVICE_FAMILY = "1,2";
			};
			name = Release;
		};
		7F88D5D72456D987003FBFCE /* Debug */ = {
			isa = XCBuildConfiguration;
			baseConfigurationReference = 802ABF4B1FD699625DEBE513 /* Pods-Adopt-A-DogTests.debug.xcconfig */;
			buildSettings = {
				ALWAYS_EMBED_SWIFT_STANDARD_LIBRARIES = YES;
				BUNDLE_LOADER = "$(TEST_HOST)";
				CODE_SIGN_STYLE = Automatic;
				DEVELOPMENT_TEAM = 2Q47BYYY43;
				INFOPLIST_FILE = "Adopt-A-DogTests/Info.plist";
				IPHONEOS_DEPLOYMENT_TARGET = 13.2;
				LD_RUNPATH_SEARCH_PATHS = (
					"$(inherited)",
					"@executable_path/Frameworks",
					"@loader_path/Frameworks",
				);
				PRODUCT_BUNDLE_IDENTIFIER = "katlaeva.Adopt-A-DogTests";
				PRODUCT_NAME = "$(TARGET_NAME)";
				SWIFT_VERSION = 5.0;
				TARGETED_DEVICE_FAMILY = "1,2";
				TEST_HOST = "$(BUILT_PRODUCTS_DIR)/Adopt-A-Dog.app/Adopt-A-Dog";
			};
			name = Debug;
		};
		7F88D5D82456D987003FBFCE /* Release */ = {
			isa = XCBuildConfiguration;
			baseConfigurationReference = 0830CE4827FB3FD11CF60BEC /* Pods-Adopt-A-DogTests.release.xcconfig */;
			buildSettings = {
				ALWAYS_EMBED_SWIFT_STANDARD_LIBRARIES = YES;
				BUNDLE_LOADER = "$(TEST_HOST)";
				CODE_SIGN_STYLE = Automatic;
				DEVELOPMENT_TEAM = 2Q47BYYY43;
				INFOPLIST_FILE = "Adopt-A-DogTests/Info.plist";
				IPHONEOS_DEPLOYMENT_TARGET = 13.2;
				LD_RUNPATH_SEARCH_PATHS = (
					"$(inherited)",
					"@executable_path/Frameworks",
					"@loader_path/Frameworks",
				);
				PRODUCT_BUNDLE_IDENTIFIER = "katlaeva.Adopt-A-DogTests";
				PRODUCT_NAME = "$(TARGET_NAME)";
				SWIFT_VERSION = 5.0;
				TARGETED_DEVICE_FAMILY = "1,2";
				TEST_HOST = "$(BUILT_PRODUCTS_DIR)/Adopt-A-Dog.app/Adopt-A-Dog";
			};
			name = Release;
		};
		7F88D5DA2456D987003FBFCE /* Debug */ = {
			isa = XCBuildConfiguration;
			baseConfigurationReference = 5182E319A26EDFBE76BD4AFB /* Pods-Adopt-A-Dog-Adopt-A-DogUITests.debug.xcconfig */;
			buildSettings = {
				ALWAYS_EMBED_SWIFT_STANDARD_LIBRARIES = YES;
				CODE_SIGN_STYLE = Automatic;
				DEVELOPMENT_TEAM = 2Q47BYYY43;
				INFOPLIST_FILE = "Adopt-A-DogUITests/Info.plist";
				LD_RUNPATH_SEARCH_PATHS = (
					"$(inherited)",
					"@executable_path/Frameworks",
					"@loader_path/Frameworks",
				);
				PRODUCT_BUNDLE_IDENTIFIER = "katlaeva.Adopt-A-DogUITests";
				PRODUCT_NAME = "$(TARGET_NAME)";
				SWIFT_VERSION = 5.0;
				TARGETED_DEVICE_FAMILY = "1,2";
				TEST_TARGET_NAME = "Adopt-A-Dog";
			};
			name = Debug;
		};
		7F88D5DB2456D987003FBFCE /* Release */ = {
			isa = XCBuildConfiguration;
			baseConfigurationReference = 36DDCFFCBCBE9D4D21A62A1F /* Pods-Adopt-A-Dog-Adopt-A-DogUITests.release.xcconfig */;
			buildSettings = {
				ALWAYS_EMBED_SWIFT_STANDARD_LIBRARIES = YES;
				CODE_SIGN_STYLE = Automatic;
				DEVELOPMENT_TEAM = 2Q47BYYY43;
				INFOPLIST_FILE = "Adopt-A-DogUITests/Info.plist";
				LD_RUNPATH_SEARCH_PATHS = (
					"$(inherited)",
					"@executable_path/Frameworks",
					"@loader_path/Frameworks",
				);
				PRODUCT_BUNDLE_IDENTIFIER = "katlaeva.Adopt-A-DogUITests";
				PRODUCT_NAME = "$(TARGET_NAME)";
				SWIFT_VERSION = 5.0;
				TARGETED_DEVICE_FAMILY = "1,2";
				TEST_TARGET_NAME = "Adopt-A-Dog";
			};
			name = Release;
		};
/* End XCBuildConfiguration section */

/* Begin XCConfigurationList section */
		7F88D5A12456D97E003FBFCE /* Build configuration list for PBXProject "Adopt-A-Dog" */ = {
			isa = XCConfigurationList;
			buildConfigurations = (
				7F88D5D12456D987003FBFCE /* Debug */,
				7F88D5D22456D987003FBFCE /* Release */,
			);
			defaultConfigurationIsVisible = 0;
			defaultConfigurationName = Release;
		};
		7F88D5D32456D987003FBFCE /* Build configuration list for PBXNativeTarget "Adopt-A-Dog" */ = {
			isa = XCConfigurationList;
			buildConfigurations = (
				7F88D5D42456D987003FBFCE /* Debug */,
				7F88D5D52456D987003FBFCE /* Release */,
			);
			defaultConfigurationIsVisible = 0;
			defaultConfigurationName = Release;
		};
		7F88D5D62456D987003FBFCE /* Build configuration list for PBXNativeTarget "Adopt-A-DogTests" */ = {
			isa = XCConfigurationList;
			buildConfigurations = (
				7F88D5D72456D987003FBFCE /* Debug */,
				7F88D5D82456D987003FBFCE /* Release */,
			);
			defaultConfigurationIsVisible = 0;
			defaultConfigurationName = Release;
		};
		7F88D5D92456D987003FBFCE /* Build configuration list for PBXNativeTarget "Adopt-A-DogUITests" */ = {
			isa = XCConfigurationList;
			buildConfigurations = (
				7F88D5DA2456D987003FBFCE /* Debug */,
				7F88D5DB2456D987003FBFCE /* Release */,
			);
			defaultConfigurationIsVisible = 0;
			defaultConfigurationName = Release;
		};
/* End XCConfigurationList section */

/* Begin XCVersionGroup section */
		7F88D5B22456D97E003FBFCE /* Adopt_A_Dog.xcdatamodeld */ = {
			isa = XCVersionGroup;
			children = (
				7F88D5B32456D97E003FBFCE /* Adopt_A_Dog.xcdatamodel */,
			);
			currentVersion = 7F88D5B32456D97E003FBFCE /* Adopt_A_Dog.xcdatamodel */;
			path = Adopt_A_Dog.xcdatamodeld;
			sourceTree = "<group>";
			versionGroupType = wrapper.xcdatamodel;
		};
/* End XCVersionGroup section */
	};
	rootObject = 7F88D59E2456D97E003FBFCE /* Project object */;
}
